<?xml version="1.0" encoding="utf-8"?>
<Project ToolsVersion="4.0" xmlns="http://schemas.microsoft.com/developer/msbuild/2003">
  <ItemGroup>
    <Filter Include="Source Files">
      <UniqueIdentifier>{4FC737F1-C7A5-4376-A066-2A32D752A2FF}</UniqueIdentifier>
      <Extensions>cpp;c;cc;cxx;def;odl;idl;hpj;bat;asm;asmx</Extensions>
    </Filter>
    <Filter Include="Header Files">
      <UniqueIdentifier>{93995380-89BD-4b04-88EB-625FBE52EBFB}</UniqueIdentifier>
      <Extensions>h;hh;hpp;hxx;hm;inl;inc;xsd</Extensions>
    </Filter>
    <Filter Include="Resource Files">
      <UniqueIdentifier>{67DA6AB6-F800-4c08-8B7A-83BB121AAD01}</UniqueIdentifier>
      <Extensions>rc;ico;cur;bmp;dlg;rc2;rct;bin;rgs;gif;jpg;jpeg;jpe;resx;tiff;tif;png;wav;mfcribbon-ms</Extensions>
    </Filter>
  </ItemGroup>
  <ItemGroup>
    <Text Include="README.md" />
  </ItemGroup>
  <ItemGroup>
    <ClInclude Include="PowerConsole\Input\Keyboard.h">
      <Filter>Header Files</Filter>
    </ClInclude>
    <ClInclude Include="PowerConsole\Input\Keys.h">
      <Filter>Header Files</Filter>
    </ClInclude>
    <ClInclude Include="PowerConsole\Input\Mouse.h">
      <Filter>Header Files</Filter>
    </ClInclude>
    <ClInclude Include="PowerConsole\HiddenWinAPI.h">
      <Filter>Header Files</Filter>
    </ClInclude>
    <ClInclude Include="PowerConsole\Drawing\ConsoleColors.h">
      <Filter>Header Files</Filter>
    </ClInclude>
    <ClInclude Include="PowerConsole\Drawing\Pixel.h">
      <Filter>Header Files</Filter>
    </ClInclude>
    <ClInclude Include="PowerConsole\Drawing\AsciiEnums.h">
      <Filter>Header Files</Filter>
    </ClInclude>
    <ClInclude Include="PowerConsole\Drawing\Graphics.h">
      <Filter>Header Files</Filter>
    </ClInclude>
    <ClInclude Include="PowerConsole\Drawing\AsciiImage.h">
      <Filter>Header Files</Filter>
    </ClInclude>
    <ClInclude Include="PowerConsole\Drawing\AsciiImageInfo.h">
      <Filter>Header Files</Filter>
    </ClInclude>
    <ClInclude Include="PowerConsole\Drawing\AsciiImageHeaders.h">
      <Filter>Header Files</Filter>
    </ClInclude>
    <ClInclude Include="PowerConsole\Drawing\AsciiImageFrame.h">
      <Filter>Header Files</Filter>
    </ClInclude>
    <ClInclude Include="PowerConsole\Drawing\AsciiAnimation.h">
      <Filter>Header Files</Filter>
    </ClInclude>
    <ClInclude Include="PowerConsole\ConsoleEnums.h">
      <Filter>Header Files</Filter>
    </ClInclude>
    <ClInclude Include="PowerConsole\Controls\Toolbox\Panel.h">
      <Filter>Header Files</Filter>
    </ClInclude>
    <ClInclude Include="PowerConsole\Drawing\Borders.h">
      <Filter>Header Files</Filter>
    </ClInclude>
    <ClInclude Include="PowerConsole\Controls\Toolbox\ScrollViewer.h">
      <Filter>Header Files</Filter>
    </ClInclude>
    <ClInclude Include="PowerConsole\Drawing\Characters.h">
      <Filter>Header Files</Filter>
    </ClInclude>
    <ClInclude Include="PowerConsole\Controls\Events\Event.h">
      <Filter>Header Files</Filter>
    </ClInclude>
    <ClInclude Include="PowerConsole\Controls\Events\EventArgs.h">
      <Filter>Header Files</Filter>
    </ClInclude>
    <ClInclude Include="PowerConsole\Controls\Control.h">
      <Filter>Header Files</Filter>
    </ClInclude>
    <ClInclude Include="PowerConsole\Controls\Toolbox\Button.h">
      <Filter>Header Files</Filter>
    </ClInclude>
    <ClInclude Include="PowerConsole\Controls\Toolbox\ToggleButton.h">
      <Filter>Header Files</Filter>
    </ClInclude>
    <ClInclude Include="PowerConsole\Controls\Toolbox\ScrollBars.h">
      <Filter>Header Files</Filter>
    </ClInclude>
    <ClInclude Include="PowerConsole\Controls\ContainerControl.h">
      <Filter>Header Files</Filter>
    </ClInclude>
    <ClInclude Include="PowerConsole\Controls\ContentControl.h">
      <Filter>Header Files</Filter>
    </ClInclude>
    <ClInclude Include="PowerConsole\Controls\Toolbox\ListBox.h">
      <Filter>Header Files</Filter>
    </ClInclude>
    <ClInclude Include="PowerConsole\Input\Hotkey.h">
      <Filter>Header Files</Filter>
    </ClInclude>
    <ClInclude Include="PowerConsole\Controls\ControlCollection.h">
      <Filter>Header Files</Filter>
    </ClInclude>
    <ClInclude Include="PowerConsole\Controls\IChildContainer.h">
      <Filter>Header Files</Filter>
    </ClInclude>
    <ClInclude Include="PowerConsole\Controls\IContentContainer.h">
      <Filter>Header Files</Filter>
    </ClInclude>
    <ClInclude Include="PowerConsole\Controls\ItemCollection.h">
      <Filter>Header Files</Filter>
    </ClInclude>
    <ClInclude Include="PowerConsole\Controls\Toolbox\FileDialog.h">
      <Filter>Header Files</Filter>
    </ClInclude>
    <ClInclude Include="PowerConsole\Controls\Toolbox\Internal\FileList.h">
      <Filter>Header Files</Filter>
    </ClInclude>
    <ClInclude Include="PowerConsole\Drawing\AsciiImageFileDetails.h">
      <Filter>Header Files</Filter>
    </ClInclude>
    <ClInclude Include="PowerConsole\Controls\Toolbox\Label.h">
      <Filter>Header Files</Filter>
    </ClInclude>
    <ClInclude Include="PowerConsole\Controls\Toolbox\StackPanel.h">
      <Filter>Header Files</Filter>
    </ClInclude>
    <ClInclude Include="PowerConsole\Controls\Toolbox\Internal\FileLocations.h">
      <Filter>Header Files</Filter>
    </ClInclude>
    <ClInclude Include="PowerConsole\Controls\Toolbox\Internal\PresetFileLocations.h">
      <Filter>Header Files</Filter>
    </ClInclude>
    <ClInclude Include="PowerConsole\Controls\Toolbox\TextBox.h">
      <Filter>Header Files</Filter>
    </ClInclude>
    <ClInclude Include="PowerConsole\SystemMenuManager.h">
      <Filter>Header Files</Filter>
    </ClInclude>
    <ClInclude Include="PowerConsole\ConsoleSettings.h">
      <Filter>Header Files</Filter>
    </ClInclude>
    <ClInclude Include="PowerConsole\PowerConsoleSettings.h">
      <Filter>Header Files</Filter>
    </ClInclude>
    <ClInclude Include="PowerConsole\Controls\WindowConsoleWrapper.h">
      <Filter>Header Files</Filter>
    </ClInclude>
    <ClInclude Include="PowerConsole\Geometry\GeometryEnums.h">
      <Filter>Header Files</Filter>
    </ClInclude>
    <ClInclude Include="PowerConsole\Geometry\GMath.h">
      <Filter>Header Files</Filter>
    </ClInclude>
    <ClInclude Include="PowerConsole\Geometry\Point.h">
      <Filter>Header Files</Filter>
    </ClInclude>
    <ClInclude Include="PowerConsole\Geometry\Rectangle.h">
      <Filter>Header Files</Filter>
    </ClInclude>
    <ClInclude Include="PowerConsole\Geometry\Thickness.h">
      <Filter>Header Files</Filter>
    </ClInclude>
    <ClInclude Include="PowerConsole\IO\Clipboard.h">
      <Filter>Header Files</Filter>
    </ClInclude>
    <ClInclude Include="PowerConsole\IO\ClipboardStream.h">
      <Filter>Header Files</Filter>
    </ClInclude>
    <ClInclude Include="PowerConsole\IO\DirectoryInfo.h">
      <Filter>Header Files</Filter>
    </ClInclude>
    <ClInclude Include="PowerConsole\IO\FileInfo.h">
      <Filter>Header Files</Filter>
    </ClInclude>
    <ClInclude Include="PowerConsole\IO\FileStream.h">
      <Filter>Header Files</Filter>
    </ClInclude>
    <ClInclude Include="PowerConsole\IO\IOEnums.h">
      <Filter>Header Files</Filter>
    </ClInclude>
    <ClInclude Include="PowerConsole\IO\IOStream.h">
      <Filter>Header Files</Filter>
    </ClInclude>
    <ClInclude Include="PowerConsole\IO\Path.h">
      <Filter>Header Files</Filter>
    </ClInclude>
    <ClInclude Include="PowerConsole\IO\Resources.h">
      <Filter>Header Files</Filter>
    </ClInclude>
    <ClInclude Include="PowerConsole\IO\ResourceStream.h">
      <Filter>Header Files</Filter>
    </ClInclude>
    <ClInclude Include="PowerConsole\Helpers\fixed_array.h">
      <Filter>Header Files</Filter>
    </ClInclude>
    <ClInclude Include="PowerConsole\Helpers\Flags.h">
      <Filter>Header Files</Filter>
    </ClInclude>
    <ClInclude Include="PowerConsole\Helpers\StringHelpers.h">
      <Filter>Header Files</Filter>
    </ClInclude>
    <ClInclude Include="PowerConsole\Drawing\Color.h">
      <Filter>Header Files</Filter>
    </ClInclude>
    <ClInclude Include="PowerConsole\Declarations.h">
      <Filter>Header Files</Filter>
    </ClInclude>
    <ClInclude Include="PowerConsole\Controls\Window.h">
      <Filter>Header Files</Filter>
    </ClInclude>
    <ClInclude Include="PowerConsole\Controls\Dialog.h">
      <Filter>Header Files</Filter>
    </ClInclude>
    <ClInclude Include="PowerConsole\Controls\Events\CommandCollection.h">
      <Filter>Header Files</Filter>
    </ClInclude>
    <ClInclude Include="PowerConsole\Controls\Events\Command.h">
      <Filter>Header Files</Filter>
    </ClInclude>
    <ClInclude Include="PowerConsole\Controls\Toolbox\ImageButton.h">
      <Filter>Header Files</Filter>
    </ClInclude>
    <ClInclude Include="PowerConsole\Controls\Toolbox\MessageBox.h">
      <Filter>Header Files</Filter>
    </ClInclude>
    <ClInclude Include="PowerConsole\Controls\Toolbox\Image.h">
      <Filter>Header Files</Filter>
    </ClInclude>
    <ClInclude Include="PowerConsole\Helpers\WordWrapper.h">
      <Filter>Header Files</Filter>
    </ClInclude>
    <ClInclude Include="targetver.h">
      <Filter>Header Files</Filter>
    </ClInclude>
    <ClInclude Include="stdafx.h">
      <Filter>Header Files</Filter>
    </ClInclude>
    <ClInclude Include="PowerConsole\Input\InputHandler.h">
      <Filter>Header Files</Filter>
    </ClInclude>
    <ClInclude Include="PowerConsole\Controls\TabStopCollection.h">
      <Filter>Header Files</Filter>
    </ClInclude>
    <ClInclude Include="PowerConsole\Console.h">
      <Filter>Header Files</Filter>
    </ClInclude>
    <ClInclude Include="PowerConsole\Controls\Toolbox\TextEditBox.h">
      <Filter>Header Files</Filter>
    </ClInclude>
    <ClInclude Include="PowerConsole\IO\AsyncDirectoryLoader.h">
      <Filter>Header Files</Filter>
    </ClInclude>
    <ClInclude Include="PowerConsole\Controls\Toolbox\DialogBox.h">
      <Filter>Header Files</Filter>
    </ClInclude>
    <ClInclude Include="PowerConsole\Helpers\Parsing.h">
      <Filter>Header Files</Filter>
    </ClInclude>
    <ClInclude Include="PowerConsole\Controls\Toolbox\NumericTextBox.h">
      <Filter>Header Files</Filter>
    </ClInclude>
    <ClInclude Include="PowerConsole\Controls\Toolbox\GroupBox.h">
      <Filter>Header Files</Filter>
    </ClInclude>
    <ClInclude Include="PowerConsole\IO\IniDocument.h">
      <Filter>Header Files</Filter>
    </ClInclude>
    <ClInclude Include="PowerConsole\IO\IniSection.h">
      <Filter>Header Files</Filter>
    </ClInclude>
    <ClInclude Include="PowerConsole\IO\IniProperty.h">
      <Filter>Header Files</Filter>
    </ClInclude>
    <ClInclude Include="PowerConsole\Helpers\ToString.h">
      <Filter>Header Files</Filter>
    </ClInclude>
    <ClInclude Include="PowerConsole\Controls\Toolbox\SplitContainer.h">
      <Filter>Header Files</Filter>
    </ClInclude>
    <ClInclude Include="PowerConsole\Controls\ProtectedContainerControl.h">
      <Filter>Header Files</Filter>
    </ClInclude>
    <ClInclude Include="PowerConsole\Controls\Toolbox\YesNoToggleButton.h">
      <Filter>Header Files</Filter>
    </ClInclude>
    <ClInclude Include="PowerConsole\Controls\Toolbox\ProgressDailog.h">
      <Filter>Header Files</Filter>
    </ClInclude>
    <ClInclude Include="PowerConsole\Input\MouseButtons.h">
      <Filter>Header Files</Filter>
    </ClInclude>
    <ClInclude Include="PowerConsole\ConsoleFont.h">
      <Filter>Header Files</Filter>
    </ClInclude>
    <ClInclude Include="PowerConsole\ConsolePalette.h">
      <Filter>Header Files</Filter>
    </ClInclude>
    <ClInclude Include="PowerConsole\ConsoleState.h">
      <Filter>Header Files</Filter>
    </ClInclude>
    <ClInclude Include="PowerConsole\Controls\MainWindow.h">
      <Filter>Header Files</Filter>
    </ClInclude>
    <ClInclude Include="PowerConsole\IO\System.h">
      <Filter>Header Files</Filter>
    </ClInclude>
  </ItemGroup>
  <ItemGroup>
    <ClCompile Include="PowerConsole\Input\Mouse.cpp">
      <Filter>Source Files</Filter>
    </ClCompile>
    <ClCompile Include="PowerConsole\Input\Keyboard.cpp">
      <Filter>Source Files</Filter>
    </ClCompile>
    <ClCompile Include="PowerConsole\HiddenWinAPI.cpp">
      <Filter>Source Files</Filter>
    </ClCompile>
    <ClCompile Include="PowerConsole\Drawing\AsciiImageFrame.cpp">
      <Filter>Source Files</Filter>
    </ClCompile>
    <ClCompile Include="PowerConsole\Drawing\AsciiImage.cpp">
      <Filter>Source Files</Filter>
    </ClCompile>
    <ClCompile Include="PowerConsole\Drawing\Pixel.cpp">
      <Filter>Source Files</Filter>
    </ClCompile>
    <ClCompile Include="PowerConsole\Drawing\AsciiImageHeaders.cpp">
      <Filter>Source Files</Filter>
    </ClCompile>
    <ClCompile Include="PowerConsole\Drawing\AsciiImageInfo.cpp">
      <Filter>Source Files</Filter>
    </ClCompile>
    <ClCompile Include="PowerConsole\Drawing\AsciiAnimation.cpp">
      <Filter>Source Files</Filter>
    </ClCompile>
    <ClCompile Include="PowerConsole\Drawing\Graphics.cpp">
      <Filter>Source Files</Filter>
    </ClCompile>
    <ClCompile Include="PowerConsole\Controls\Toolbox\Panel.cpp">
      <Filter>Source Files</Filter>
    </ClCompile>
    <ClCompile Include="PowerConsole\Drawing\Borders.cpp">
      <Filter>Source Files</Filter>
    </ClCompile>
    <ClCompile Include="PowerConsole\Controls\Toolbox\ScrollViewer.cpp">
      <Filter>Source Files</Filter>
    </ClCompile>
    <ClCompile Include="PowerConsole\Controls\Events\EventArgs.cpp">
      <Filter>Source Files</Filter>
    </ClCompile>
    <ClCompile Include="PowerConsole\Controls\Control.cpp">
      <Filter>Source Files</Filter>
    </ClCompile>
    <ClCompile Include="PowerConsole\Controls\Toolbox\Button.cpp">
      <Filter>Source Files</Filter>
    </ClCompile>
    <ClCompile Include="PowerConsole\Controls\Toolbox\ToggleButton.cpp">
      <Filter>Source Files</Filter>
    </ClCompile>
    <ClCompile Include="PowerConsole\Controls\Toolbox\ScrollBars.cpp">
      <Filter>Source Files</Filter>
    </ClCompile>
    <ClCompile Include="PowerConsole\Controls\ContainerControl.cpp">
      <Filter>Source Files</Filter>
    </ClCompile>
    <ClCompile Include="PowerConsole\Controls\ContentControl.cpp">
      <Filter>Source Files</Filter>
    </ClCompile>
    <ClCompile Include="PowerConsole\Controls\Toolbox\ListBox.cpp">
      <Filter>Source Files</Filter>
    </ClCompile>
    <ClCompile Include="PowerConsole\Input\Hotkey.cpp">
      <Filter>Source Files</Filter>
    </ClCompile>
    <ClCompile Include="PowerConsole\Controls\ControlCollection.cpp">
      <Filter>Source Files</Filter>
    </ClCompile>
    <ClCompile Include="PowerConsole\Controls\ItemCollection.cpp">
      <Filter>Source Files</Filter>
    </ClCompile>
    <ClCompile Include="PowerConsole\Controls\Toolbox\Internal\FileList.cpp">
      <Filter>Source Files</Filter>
    </ClCompile>
    <ClCompile Include="PowerConsole\Controls\Toolbox\FileDialog.cpp">
      <Filter>Source Files</Filter>
    </ClCompile>
    <ClCompile Include="PowerConsole\Drawing\AsciiImageFileDetails.cpp">
      <Filter>Source Files</Filter>
    </ClCompile>
    <ClCompile Include="PowerConsole\Controls\Toolbox\Label.cpp">
      <Filter>Source Files</Filter>
    </ClCompile>
    <ClCompile Include="PowerConsole\Controls\Toolbox\StackPanel.cpp">
      <Filter>Source Files</Filter>
    </ClCompile>
    <ClCompile Include="PowerConsole\Controls\Toolbox\Internal\FileLocations.cpp">
      <Filter>Source Files</Filter>
    </ClCompile>
    <ClCompile Include="PowerConsole\Controls\Toolbox\Internal\PresetFileLocations.cpp">
      <Filter>Source Files</Filter>
    </ClCompile>
    <ClCompile Include="PowerConsole\Controls\Toolbox\TextBox.cpp">
      <Filter>Source Files</Filter>
    </ClCompile>
    <ClCompile Include="PowerConsole\SystemMenuManager.cpp">
      <Filter>Source Files</Filter>
    </ClCompile>
    <ClCompile Include="PowerConsole\ConsoleSettings.cpp">
      <Filter>Source Files</Filter>
    </ClCompile>
    <ClCompile Include="PowerConsole\PowerConsoleSettings.cpp">
      <Filter>Source Files</Filter>
    </ClCompile>
    <ClCompile Include="PowerConsole\Controls\WindowConsoleWrapper.cpp">
      <Filter>Source Files</Filter>
    </ClCompile>
    <ClCompile Include="PowerConsole\Geometry\GMath.cpp">
      <Filter>Source Files</Filter>
    </ClCompile>
    <ClCompile Include="PowerConsole\Geometry\Point.cpp">
      <Filter>Source Files</Filter>
    </ClCompile>
    <ClCompile Include="PowerConsole\Geometry\Rectangle.cpp">
      <Filter>Source Files</Filter>
    </ClCompile>
    <ClCompile Include="PowerConsole\Geometry\Thickness.cpp">
      <Filter>Source Files</Filter>
    </ClCompile>
    <ClCompile Include="PowerConsole\IO\Clipboard.cpp">
      <Filter>Source Files</Filter>
    </ClCompile>
    <ClCompile Include="PowerConsole\IO\ClipboardStream.cpp">
      <Filter>Source Files</Filter>
    </ClCompile>
    <ClCompile Include="PowerConsole\IO\DirectoryInfo.cpp">
      <Filter>Source Files</Filter>
    </ClCompile>
    <ClCompile Include="PowerConsole\IO\FileInfo.cpp">
      <Filter>Source Files</Filter>
    </ClCompile>
    <ClCompile Include="PowerConsole\IO\FileStream.cpp">
      <Filter>Source Files</Filter>
    </ClCompile>
    <ClCompile Include="PowerConsole\IO\IOStream.cpp">
      <Filter>Source Files</Filter>
    </ClCompile>
    <ClCompile Include="PowerConsole\IO\Path.cpp">
      <Filter>Source Files</Filter>
    </ClCompile>
    <ClCompile Include="PowerConsole\IO\Resources.cpp">
      <Filter>Source Files</Filter>
    </ClCompile>
    <ClCompile Include="PowerConsole\IO\ResourceStream.cpp">
      <Filter>Source Files</Filter>
    </ClCompile>
    <ClCompile Include="PowerConsole\Helpers\StringHelpers.cpp">
      <Filter>Source Files</Filter>
    </ClCompile>
    <ClCompile Include="PowerConsole\Drawing\Color.cpp">
      <Filter>Source Files</Filter>
    </ClCompile>
    <ClCompile Include="PowerConsole\Controls\Window.cpp">
      <Filter>Source Files</Filter>
    </ClCompile>
    <ClCompile Include="PowerConsole\Controls\Dialog.cpp">
      <Filter>Source Files</Filter>
    </ClCompile>
    <ClCompile Include="PowerConsole\Controls\Events\Command.cpp">
      <Filter>Source Files</Filter>
    </ClCompile>
    <ClCompile Include="PowerConsole\Controls\Events\CommandCollection.cpp">
      <Filter>Source Files</Filter>
    </ClCompile>
    <ClCompile Include="PowerConsole\Controls\Toolbox\ImageButton.cpp">
      <Filter>Source Files</Filter>
    </ClCompile>
    <ClCompile Include="PowerConsole\Controls\Toolbox\Image.cpp">
      <Filter>Source Files</Filter>
    </ClCompile>
    <ClCompile Include="PowerConsole\Controls\Toolbox\MessageBox.cpp">
      <Filter>Source Files</Filter>
    </ClCompile>
    <ClCompile Include="PowerConsole\Helpers\WordWrapper.cpp">
      <Filter>Source Files</Filter>
    </ClCompile>
    <ClCompile Include="stdafx.cpp">
      <Filter>Source Files</Filter>
    </ClCompile>
    <ClCompile Include="PowerConsole\Input\InputHandler.cpp">
      <Filter>Source Files</Filter>
    </ClCompile>
    <ClCompile Include="PowerConsole\Controls\TabStopCollection.cpp">
      <Filter>Source Files</Filter>
    </ClCompile>
    <ClCompile Include="PowerConsole\Console.cpp">
      <Filter>Source Files</Filter>
    </ClCompile>
    <ClCompile Include="PowerConsole\Controls\Toolbox\TextEditBox.cpp">
      <Filter>Source Files</Filter>
    </ClCompile>
    <ClCompile Include="PowerConsole\IO\AsyncDirectoryLoader.cpp">
      <Filter>Source Files</Filter>
    </ClCompile>
    <ClCompile Include="PowerConsole\Controls\Toolbox\DialogBox.cpp">
      <Filter>Source Files</Filter>
    </ClCompile>
    <ClCompile Include="PowerConsole\Helpers\Parsing.cpp">
      <Filter>Source Files</Filter>
    </ClCompile>
    <ClCompile Include="PowerConsole\Controls\Toolbox\GroupBox.cpp">
      <Filter>Source Files</Filter>
    </ClCompile>
    <ClCompile Include="PowerConsole\IO\IniProperty.cpp">
      <Filter>Source Files</Filter>
    </ClCompile>
    <ClCompile Include="PowerConsole\IO\IniSection.cpp">
      <Filter>Source Files</Filter>
    </ClCompile>
    <ClCompile Include="PowerConsole\IO\IniDocument.cpp">
      <Filter>Source Files</Filter>
    </ClCompile>
    <ClCompile Include="PowerConsole\Controls\Toolbox\SplitContainer.cpp">
      <Filter>Source Files</Filter>
    </ClCompile>
    <ClCompile Include="PowerConsole\Controls\ProtectedContainerControl.cpp">
      <Filter>Source Files</Filter>
    </ClCompile>
    <ClCompile Include="PowerConsole\Controls\Toolbox\YesNoToggleButton.cpp">
      <Filter>Source Files</Filter>
    </ClCompile>
    <ClCompile Include="PowerConsole\Controls\Toolbox\ProgressDailog.cpp">
      <Filter>Source Files</Filter>
    </ClCompile>
    <ClCompile Include="PowerConsole\ConsolePalette.cpp">
      <Filter>Source Files</Filter>
    </ClCompile>
    <ClCompile Include="PowerConsole\ConsoleFont.cpp">
      <Filter>Source Files</Filter>
    </ClCompile>
    <ClCompile Include="PowerConsole\ConsoleEnums.cpp">
      <Filter>Source Files</Filter>
    </ClCompile>
    <ClCompile Include="PowerConsole\ConsoleState.cpp">
      <Filter>Source Files</Filter>
    </ClCompile>
    <ClCompile Include="PowerConsole\Controls\MainWindow.cpp">
      <Filter>Source Files</Filter>
    </ClCompile>
    <ClCompile Include="PowerConsole\IO\System.cpp">
      <Filter>Source Files</Filter>
    </ClCompile>
  </ItemGroup>
</Project>