<?xml version="1.0" encoding="utf-8"?>
<Project ToolsVersion="4.0" xmlns="http://schemas.microsoft.com/developer/msbuild/2003">
  <ItemGroup>
    <Filter Include="Source Files">
      <UniqueIdentifier>{4FC737F1-C7A5-4376-A066-2A32D752A2FF}</UniqueIdentifier>
      <Extensions>cpp;c;cc;cxx;def;odl;idl;hpj;bat;asm;asmx</Extensions>
    </Filter>
    <Filter Include="Header Files">
      <UniqueIdentifier>{93995380-89BD-4b04-88EB-625FBE52EBFB}</UniqueIdentifier>
      <Extensions>h;hh;hpp;hxx;hm;inl;inc;xsd</Extensions>
    </Filter>
    <Filter Include="Resource Files">
      <UniqueIdentifier>{67DA6AB6-F800-4c08-8B7A-83BB121AAD01}</UniqueIdentifier>
      <Extensions>rc;ico;cur;bmp;dlg;rc2;rct;bin;rgs;gif;jpg;jpeg;jpe;resx;tiff;tif;png;wav;mfcribbon-ms</Extensions>
    </Filter>
  </ItemGroup>
  <ItemGroup>
    <Text Include="Readme.txt" />
  </ItemGroup>
  <ItemGroup>
    <ClInclude Include="resources.h">
      <Filter>Header Files</Filter>
    </ClInclude>
    <ClInclude Include="stdafx.h">
      <Filter>Header Files</Filter>
    </ClInclude>
    <ClInclude Include="targetver.h">
      <Filter>Header Files</Filter>
    </ClInclude>
    <ClInclude Include="AsciiTetris\Helpers\Helpers.h">
      <Filter>Header Files</Filter>
    </ClInclude>
    <ClInclude Include="AsciiTetris\Game\Controllers\AIController.h">
      <Filter>Header Files</Filter>
    </ClInclude>
    <ClInclude Include="AsciiTetris\Game\Controllers\PlayerController.h">
      <Filter>Header Files</Filter>
    </ClInclude>
    <ClInclude Include="AsciiTetris\Game\GameInstance.h">
      <Filter>Header Files</Filter>
    </ClInclude>
    <ClInclude Include="AsciiTetris\Game\Tetrominos\Tetromino.h">
      <Filter>Header Files</Filter>
    </ClInclude>
    <ClInclude Include="AsciiTetris\Game\Tetrominos\TetrominoBlock.h">
      <Filter>Header Files</Filter>
    </ClInclude>
    <ClInclude Include="AsciiTetris\Game\TetrisWell.h">
      <Filter>Header Files</Filter>
    </ClInclude>
    <ClInclude Include="AsciiTetris\TetrisWindow.h">
      <Filter>Header Files</Filter>
    </ClInclude>
    <ClInclude Include="AsciiTetris\Menus\PauseMenu.h">
      <Filter>Header Files</Filter>
    </ClInclude>
    <ClInclude Include="AsciiTetris\UI\TextSlider.h">
      <Filter>Header Files</Filter>
    </ClInclude>
    <ClInclude Include="AsciiTetris\Game\TetrisController.h">
      <Filter>Header Files</Filter>
    </ClInclude>
    <ClInclude Include="AsciiTetris\Resources\HighscoreList.h">
      <Filter>Header Files</Filter>
    </ClInclude>
    <ClInclude Include="AsciiTetris\Resources\TetrominoList.h">
      <Filter>Header Files</Filter>
    </ClInclude>
    <ClInclude Include="AsciiTetris\Helpers\PointList.h">
      <Filter>Header Files</Filter>
    </ClInclude>
    <ClInclude Include="AsciiTetris\Resources\TetrominoShape.h">
      <Filter>Header Files</Filter>
    </ClInclude>
    <ClInclude Include="AsciiTetris\Resources\GameModeList.h">
      <Filter>Header Files</Filter>
    </ClInclude>
    <ClInclude Include="AsciiTetris\Resources\AIList.h">
      <Filter>Header Files</Filter>
    </ClInclude>
    <ClInclude Include="AsciiTetris\Menus\HighscoreMenu.h">
      <Filter>Header Files</Filter>
    </ClInclude>
    <ClInclude Include="AsciiTetris\Menus\ControlsMenu.h">
      <Filter>Header Files</Filter>
    </ClInclude>
    <ClInclude Include="AsciiTetris\UI\SelectionList.h">
      <Filter>Header Files</Filter>
    </ClInclude>
    <ClInclude Include="AsciiTetris\Resources\SoundList.h">
      <Filter>Header Files</Filter>
    </ClInclude>
    <ClInclude Include="MP3\MP3.h">
      <Filter>Header Files</Filter>
    </ClInclude>
  </ItemGroup>
  <ItemGroup>
    <ResourceCompile Include="resources.rc">
      <Filter>Resource Files</Filter>
    </ResourceCompile>
  </ItemGroup>
  <ItemGroup>
    <ClCompile Include="stdafx.cpp">
      <Filter>Source Files</Filter>
    </ClCompile>
    <ClCompile Include="Main.cpp">
      <Filter>Source Files</Filter>
    </ClCompile>
    <ClCompile Include="AsciiTetris\Helpers\Helpers.cpp">
      <Filter>Source Files</Filter>
    </ClCompile>
    <ClCompile Include="AsciiTetris\Game\Controllers\AIController.cpp">
      <Filter>Source Files</Filter>
    </ClCompile>
    <ClCompile Include="AsciiTetris\Game\Controllers\PlayerController.cpp">
      <Filter>Source Files</Filter>
    </ClCompile>
    <ClCompile Include="AsciiTetris\Game\GameInstance.cpp">
      <Filter>Source Files</Filter>
    </ClCompile>
    <ClCompile Include="AsciiTetris\Game\Tetrominos\Tetromino.cpp">
      <Filter>Source Files</Filter>
    </ClCompile>
    <ClCompile Include="AsciiTetris\Game\Tetrominos\TetrominoBlock.cpp">
      <Filter>Source Files</Filter>
    </ClCompile>
    <ClCompile Include="AsciiTetris\Game\TetrisWell.cpp">
      <Filter>Source Files</Filter>
    </ClCompile>
    <ClCompile Include="AsciiTetris\TetrisWindow.cpp">
      <Filter>Source Files</Filter>
    </ClCompile>
    <ClCompile Include="AsciiTetris\Menus\PauseMenu.cpp">
      <Filter>Source Files</Filter>
    </ClCompile>
    <ClCompile Include="AsciiTetris\UI\TextSlider.cpp">
      <Filter>Source Files</Filter>
    </ClCompile>
    <ClCompile Include="AsciiTetris\Game\TetrisController.cpp">
      <Filter>Source Files</Filter>
    </ClCompile>
    <ClCompile Include="AsciiTetris\Resources\TetrominoList.cpp">
      <Filter>Source Files</Filter>
    </ClCompile>
    <ClCompile Include="AsciiTetris\Helpers\PointList.cpp">
      <Filter>Source Files</Filter>
    </ClCompile>
    <ClCompile Include="AsciiTetris\Resources\TetrominoShape.cpp">
      <Filter>Source Files</Filter>
    </ClCompile>
    <ClCompile Include="AsciiTetris\Resources\AIList.cpp">
      <Filter>Source Files</Filter>
    </ClCompile>
    <ClCompile Include="AsciiTetris\Resources\GameModeList.cpp">
      <Filter>Source Files</Filter>
    </ClCompile>
    <ClCompile Include="AsciiTetris\Resources\HighscoreList.cpp">
      <Filter>Source Files</Filter>
    </ClCompile>
    <ClCompile Include="AsciiTetris\Menus\HighscoreMenu.cpp">
      <Filter>Source Files</Filter>
    </ClCompile>
    <ClCompile Include="AsciiTetris\Menus\ControlsMenu.cpp">
      <Filter>Source Files</Filter>
    </ClCompile>
    <ClCompile Include="AsciiTetris\UI\SelectionList.cpp">
      <Filter>Source Files</Filter>
    </ClCompile>
    <ClCompile Include="AsciiTetris\Resources\SoundList.cpp">
      <Filter>Source Files</Filter>
    </ClCompile>
    <ClCompile Include="MP3\MP3.cpp">
      <Filter>Source Files</Filter>
    </ClCompile>
  </ItemGroup>
  <ItemGroup>
    <None Include="Resources\StartMenu.asc" />
    <None Include="Resources\Music.flac" />
    <None Include="Resources\PauseMenu.asc" />
    <None Include="AIList.ini" />
    <None Include="GameModeList.ini" />
    <None Include="Resources\HighscoreMenu.asc" />
    <None Include="Resources\ControlsMenu.asc" />
    <None Include="TetrominoList.ini" />
  </ItemGroup>
  <ItemGroup>
    <Media Include="Resources\MenuSelect.wav">
      <Filter>Resource Files</Filter>
    </Media>
    <Media Include="Resources\MenuMove.wav">
      <Filter>Resource Files</Filter>
    </Media>
    <Media Include="Resources\RowComplete.wav">
      <Filter>Resource Files</Filter>
    </Media>
    <Media Include="Resources\Land.wav">
      <Filter>Resource Files</Filter>
    </Media>
    <Media Include="Resources\TetrisComplete.wav">
      <Filter>Resource Files</Filter>
    </Media>
    <Media Include="Resources\GameOver.wav">
      <Filter>Resource Files</Filter>
    </Media>
    <Media Include="Resources\Warning.wav">
      <Filter>Resource Files</Filter>
    </Media>
    <Media Include="Resources\QuintrisComplete.wav">
      <Filter>Resource Files</Filter>
    </Media>
    <Media Include="Resources\Music.mp3" />
  </ItemGroup>
  <ItemGroup>
    <Image Include="App.ico">
      <Filter>Resource Files</Filter>
    </Image>
  </ItemGroup>
</Project>