<?xml version="1.0" encoding="utf-8"?>
<Project ToolsVersion="4.0" xmlns="http://schemas.microsoft.com/developer/msbuild/2003">
  <ItemGroup>
    <Filter Include="Source Files">
      <UniqueIdentifier>{4FC737F1-C7A5-4376-A066-2A32D752A2FF}</UniqueIdentifier>
      <Extensions>cpp;c;cc;cxx;def;odl;idl;hpj;bat;asm;asmx</Extensions>
    </Filter>
    <Filter Include="Header Files">
      <UniqueIdentifier>{93995380-89BD-4b04-88EB-625FBE52EBFB}</UniqueIdentifier>
      <Extensions>h;hh;hpp;hxx;hm;inl;inc;xsd</Extensions>
    </Filter>
    <Filter Include="Resource Files">
      <UniqueIdentifier>{67DA6AB6-F800-4c08-8B7A-83BB121AAD01}</UniqueIdentifier>
      <Extensions>rc;ico;cur;bmp;dlg;rc2;rct;bin;rgs;gif;jpg;jpeg;jpe;resx;tiff;tif;png;wav;mfcribbon-ms</Extensions>
    </Filter>
  </ItemGroup>
  <ItemGroup>
    <ClInclude Include="Resources.h">
      <Filter>Header Files</Filter>
    </ClInclude>
    <ClInclude Include="Stdafx.h">
      <Filter>Header Files</Filter>
    </ClInclude>
    <ClInclude Include="targetver.h">
      <Filter>Header Files</Filter>
    </ClInclude>
    <ClInclude Include="AsciiArtist\AsciiArtistWindow.h">
      <Filter>Header Files</Filter>
    </ClInclude>
    <ClInclude Include="AsciiArtist\Toolbox\AsciiArtistEventArgs.h">
      <Filter>Header Files</Filter>
    </ClInclude>
    <ClInclude Include="AsciiArtist\Toolbox\FrameCollection.h">
      <Filter>Header Files</Filter>
    </ClInclude>
    <ClInclude Include="AsciiArtist\Settings.h">
      <Filter>Header Files</Filter>
    </ClInclude>
    <ClInclude Include="AsciiArtist\COM\WIC.h">
      <Filter>Header Files</Filter>
    </ClInclude>
    <ClInclude Include="AsciiArtist\COM\COM.h">
      <Filter>Header Files</Filter>
    </ClInclude>
    <ClInclude Include="AsciiArtist\Editing\Tools\BlankTool.h">
      <Filter>Header Files</Filter>
    </ClInclude>
    <ClInclude Include="AsciiArtist\Editing\Tools\BorderTool.h">
      <Filter>Header Files</Filter>
    </ClInclude>
    <ClInclude Include="AsciiArtist\Editing\Tools\CircleTool.h">
      <Filter>Header Files</Filter>
    </ClInclude>
    <ClInclude Include="AsciiArtist\Editing\Tools\EyedropperTool.h">
      <Filter>Header Files</Filter>
    </ClInclude>
    <ClInclude Include="AsciiArtist\Editing\Tools\FloodTool.h">
      <Filter>Header Files</Filter>
    </ClInclude>
    <ClInclude Include="AsciiArtist\Editing\Tools\LineTool.h">
      <Filter>Header Files</Filter>
    </ClInclude>
    <ClInclude Include="AsciiArtist\Editing\Tools\PenTool.h">
      <Filter>Header Files</Filter>
    </ClInclude>
    <ClInclude Include="AsciiArtist\Editing\Tools\SelectTool.h">
      <Filter>Header Files</Filter>
    </ClInclude>
    <ClInclude Include="AsciiArtist\Editing\Tools\SquareTool.h">
      <Filter>Header Files</Filter>
    </ClInclude>
    <ClInclude Include="AsciiArtist\Editing\Tools\TextTool.h">
      <Filter>Header Files</Filter>
    </ClInclude>
    <ClInclude Include="AsciiArtist\Editing\UndoActions\AnimationUndoAction.h">
      <Filter>Header Files</Filter>
    </ClInclude>
    <ClInclude Include="AsciiArtist\Editing\UndoActions\BlankUndoAction.h">
      <Filter>Header Files</Filter>
    </ClInclude>
    <ClInclude Include="AsciiArtist\Editing\UndoActions\DrawUndoAction.h">
      <Filter>Header Files</Filter>
    </ClInclude>
    <ClInclude Include="AsciiArtist\Editing\UndoActions\FormatUndoAction.h">
      <Filter>Header Files</Filter>
    </ClInclude>
    <ClInclude Include="AsciiArtist\Editing\UndoActions\FrameUndoAction.h">
      <Filter>Header Files</Filter>
    </ClInclude>
    <ClInclude Include="AsciiArtist\Editing\UndoActions\SettingsUndoAction.h">
      <Filter>Header Files</Filter>
    </ClInclude>
    <ClInclude Include="AsciiArtist\Editing\AsciiArtistEnums.h">
      <Filter>Header Files</Filter>
    </ClInclude>
    <ClInclude Include="AsciiArtist\Editing\Asciifier.h">
      <Filter>Header Files</Filter>
    </ClInclude>
    <ClInclude Include="AsciiArtist\Editing\ImageSettings.h">
      <Filter>Header Files</Filter>
    </ClInclude>
    <ClInclude Include="AsciiArtist\Editing\PixelRepresentation.h">
      <Filter>Header Files</Filter>
    </ClInclude>
    <ClInclude Include="AsciiArtist\Editing\Tool.h">
      <Filter>Header Files</Filter>
    </ClInclude>
    <ClInclude Include="AsciiArtist\Editing\ToolOptions.h">
      <Filter>Header Files</Filter>
    </ClInclude>
    <ClInclude Include="AsciiArtist\Editing\UndoAction.h">
      <Filter>Header Files</Filter>
    </ClInclude>
    <ClInclude Include="AsciiArtist\Toolbox\Dialogs\AboutDialog.h">
      <Filter>Header Files</Filter>
    </ClInclude>
    <ClInclude Include="AsciiArtist\Toolbox\Dialogs\AsciiImageFileDialog.h">
      <Filter>Header Files</Filter>
    </ClInclude>
    <ClInclude Include="AsciiArtist\Toolbox\Dialogs\FrameSpeedDialogBox.h">
      <Filter>Header Files</Filter>
    </ClInclude>
    <ClInclude Include="AsciiArtist\Toolbox\Dialogs\ImageSettingsDialog.h">
      <Filter>Header Files</Filter>
    </ClInclude>
    <ClInclude Include="AsciiArtist\Toolbox\Dialogs\ImportFileDialog.h">
      <Filter>Header Files</Filter>
    </ClInclude>
    <ClInclude Include="AsciiArtist\Toolbox\Dialogs\ImportImageDialog.h">
      <Filter>Header Files</Filter>
    </ClInclude>
    <ClInclude Include="AsciiArtist\Toolbox\Dialogs\LoadingDialog.h">
      <Filter>Header Files</Filter>
    </ClInclude>
    <ClInclude Include="AsciiArtist\Toolbox\Dialogs\PixelPickerDialog.h">
      <Filter>Header Files</Filter>
    </ClInclude>
    <ClInclude Include="AsciiArtist\Toolbox\Dialogs\TranslateDialogBox.h">
      <Filter>Header Files</Filter>
    </ClInclude>
    <ClInclude Include="AsciiArtist\Toolbox\Controls\Canvas.h">
      <Filter>Header Files</Filter>
    </ClInclude>
    <ClInclude Include="AsciiArtist\Toolbox\Controls\CharacterGrid.h">
      <Filter>Header Files</Filter>
    </ClInclude>
    <ClInclude Include="AsciiArtist\Toolbox\Controls\ColorPalette.h">
      <Filter>Header Files</Filter>
    </ClInclude>
    <ClInclude Include="AsciiArtist\Toolbox\Controls\FrameListBox.h">
      <Filter>Header Files</Filter>
    </ClInclude>
    <ClInclude Include="AsciiArtist\Toolbox\Controls\PixelDisplay.h">
      <Filter>Header Files</Filter>
    </ClInclude>
    <ClInclude Include="AsciiArtist\Toolbox\Controls\StatusBar.h">
      <Filter>Header Files</Filter>
    </ClInclude>
    <ClInclude Include="AsciiArtist\Toolbox\Dialogs\PaletteEditor.h">
      <Filter>Header Files</Filter>
    </ClInclude>
    <ClInclude Include="AsciiArtist\Toolbox\Dialogs\ResizeDialogBox.h">
      <Filter>Header Files</Filter>
    </ClInclude>
    <ClInclude Include="AsciiArtist\Toolbox\Dialogs\FontChooser.h">
      <Filter>Header Files</Filter>
    </ClInclude>
    <ClInclude Include="AsciiArtist\Toolbox\Controls\PixelBookmarker.h">
      <Filter>Header Files</Filter>
    </ClInclude>
    <ClInclude Include="AsciiArtist\Editing\UndoActions\FrameSpeedUndoAction.h">
      <Filter>Header Files</Filter>
    </ClInclude>
  </ItemGroup>
  <ItemGroup>
    <ClCompile Include="Stdafx.cpp">
      <Filter>Source Files</Filter>
    </ClCompile>
    <ClCompile Include="Main.cpp">
      <Filter>Source Files</Filter>
    </ClCompile>
    <ClCompile Include="AsciiArtist\AsciiArtistWindow.cpp">
      <Filter>Source Files</Filter>
    </ClCompile>
    <ClCompile Include="AsciiArtist\Toolbox\FrameCollection.cpp">
      <Filter>Source Files</Filter>
    </ClCompile>
    <ClCompile Include="AsciiArtist\Settings.cpp">
      <Filter>Source Files</Filter>
    </ClCompile>
    <ClCompile Include="AsciiArtist\COM\WIC.cpp">
      <Filter>Source Files</Filter>
    </ClCompile>
    <ClCompile Include="AsciiArtist\Editing\Tools\BlankTool.cpp">
      <Filter>Source Files</Filter>
    </ClCompile>
    <ClCompile Include="AsciiArtist\Editing\Tools\BorderTool.cpp">
      <Filter>Source Files</Filter>
    </ClCompile>
    <ClCompile Include="AsciiArtist\Editing\Tools\CircleTool.cpp">
      <Filter>Source Files</Filter>
    </ClCompile>
    <ClCompile Include="AsciiArtist\Editing\Tools\EyedropperTool.cpp">
      <Filter>Source Files</Filter>
    </ClCompile>
    <ClCompile Include="AsciiArtist\Editing\Tools\FloodTool.cpp">
      <Filter>Source Files</Filter>
    </ClCompile>
    <ClCompile Include="AsciiArtist\Editing\Tools\LineTool.cpp">
      <Filter>Source Files</Filter>
    </ClCompile>
    <ClCompile Include="AsciiArtist\Editing\Tools\PenTool.cpp">
      <Filter>Source Files</Filter>
    </ClCompile>
    <ClCompile Include="AsciiArtist\Editing\Tools\SelectTool.cpp">
      <Filter>Source Files</Filter>
    </ClCompile>
    <ClCompile Include="AsciiArtist\Editing\Tools\SquareTool.cpp">
      <Filter>Source Files</Filter>
    </ClCompile>
    <ClCompile Include="AsciiArtist\Editing\Tools\TextTool.cpp">
      <Filter>Source Files</Filter>
    </ClCompile>
    <ClCompile Include="AsciiArtist\Editing\UndoActions\AnimationUndoAction.cpp">
      <Filter>Source Files</Filter>
    </ClCompile>
    <ClCompile Include="AsciiArtist\Editing\UndoActions\BlankUndoAction.cpp">
      <Filter>Source Files</Filter>
    </ClCompile>
    <ClCompile Include="AsciiArtist\Editing\UndoActions\DrawUndoAction.cpp">
      <Filter>Source Files</Filter>
    </ClCompile>
    <ClCompile Include="AsciiArtist\Editing\UndoActions\FormatUndoAction.cpp">
      <Filter>Source Files</Filter>
    </ClCompile>
    <ClCompile Include="AsciiArtist\Editing\UndoActions\FrameUndoAction.cpp">
      <Filter>Source Files</Filter>
    </ClCompile>
    <ClCompile Include="AsciiArtist\Editing\UndoActions\SettingsUndoAction.cpp">
      <Filter>Source Files</Filter>
    </ClCompile>
    <ClCompile Include="AsciiArtist\Editing\Asciifier.cpp">
      <Filter>Source Files</Filter>
    </ClCompile>
    <ClCompile Include="AsciiArtist\Editing\ImageSettings.cpp">
      <Filter>Source Files</Filter>
    </ClCompile>
    <ClCompile Include="AsciiArtist\Editing\PixelRepresentation.cpp">
      <Filter>Source Files</Filter>
    </ClCompile>
    <ClCompile Include="AsciiArtist\Editing\Tool.cpp">
      <Filter>Source Files</Filter>
    </ClCompile>
    <ClCompile Include="AsciiArtist\Editing\UndoAction.cpp">
      <Filter>Source Files</Filter>
    </ClCompile>
    <ClCompile Include="AsciiArtist\Toolbox\Dialogs\AboutDialog.cpp">
      <Filter>Source Files</Filter>
    </ClCompile>
    <ClCompile Include="AsciiArtist\Toolbox\Dialogs\AsciiImageFileDialog.cpp">
      <Filter>Source Files</Filter>
    </ClCompile>
    <ClCompile Include="AsciiArtist\Toolbox\Dialogs\FrameSpeedDialogBox.cpp">
      <Filter>Source Files</Filter>
    </ClCompile>
    <ClCompile Include="AsciiArtist\Toolbox\Dialogs\ImageSettingsDialog.cpp">
      <Filter>Source Files</Filter>
    </ClCompile>
    <ClCompile Include="AsciiArtist\Toolbox\Dialogs\ImportFileDialog.cpp">
      <Filter>Source Files</Filter>
    </ClCompile>
    <ClCompile Include="AsciiArtist\Toolbox\Dialogs\ImportImageDialog.cpp">
      <Filter>Source Files</Filter>
    </ClCompile>
    <ClCompile Include="AsciiArtist\Toolbox\Dialogs\PixelPickerDialog.cpp">
      <Filter>Source Files</Filter>
    </ClCompile>
    <ClCompile Include="AsciiArtist\Toolbox\Dialogs\TranslateDialogBox.cpp">
      <Filter>Source Files</Filter>
    </ClCompile>
    <ClCompile Include="AsciiArtist\Toolbox\Controls\Canvas.cpp">
      <Filter>Source Files</Filter>
    </ClCompile>
    <ClCompile Include="AsciiArtist\Toolbox\Controls\CharacterGrid.cpp">
      <Filter>Source Files</Filter>
    </ClCompile>
    <ClCompile Include="AsciiArtist\Toolbox\Controls\ColorPalette.cpp">
      <Filter>Source Files</Filter>
    </ClCompile>
    <ClCompile Include="AsciiArtist\Toolbox\Controls\FrameListBox.cpp">
      <Filter>Source Files</Filter>
    </ClCompile>
    <ClCompile Include="AsciiArtist\Toolbox\Controls\PixelDisplay.cpp">
      <Filter>Source Files</Filter>
    </ClCompile>
    <ClCompile Include="AsciiArtist\Toolbox\Controls\StatusBar.cpp">
      <Filter>Source Files</Filter>
    </ClCompile>
    <ClCompile Include="AsciiArtist\Toolbox\Dialogs\PaletteEditor.cpp">
      <Filter>Source Files</Filter>
    </ClCompile>
    <ClCompile Include="AsciiArtist\Toolbox\Dialogs\ResizeDialogBox.cpp">
      <Filter>Source Files</Filter>
    </ClCompile>
    <ClCompile Include="AsciiArtist\Toolbox\Dialogs\LoadingDialog.cpp">
      <Filter>Source Files</Filter>
    </ClCompile>
    <ClCompile Include="AsciiArtist\Toolbox\Dialogs\FontChooser.cpp">
      <Filter>Source Files</Filter>
    </ClCompile>
    <ClCompile Include="AsciiArtist\Toolbox\Controls\PixelBookmarker.cpp">
      <Filter>Source Files</Filter>
    </ClCompile>
    <ClCompile Include="AsciiArtist\Editing\UndoActions\FrameSpeedUndoAction.cpp">
      <Filter>Source Files</Filter>
    </ClCompile>
  </ItemGroup>
  <ItemGroup>
    <ResourceCompile Include="Resources.rc">
      <Filter>Resource Files</Filter>
    </ResourceCompile>
  </ItemGroup>
  <ItemGroup>
    <Text Include="Readme.txt" />
  </ItemGroup>
  <ItemGroup>
    <Image Include="Resources\App.ico">
      <Filter>Resource Files</Filter>
    </Image>
    <Image Include="Resources\Asc.ico">
      <Filter>Resource Files</Filter>
    </Image>
    <Image Include="Resources\Font.bmp">
      <Filter>Resource Files</Filter>
    </Image>
    <Image Include="Resources\Font.png">
      <Filter>Resource Files</Filter>
    </Image>
    <Image Include="Resources\Fonts\4x6.png">
      <Filter>Resource Files</Filter>
    </Image>
    <Image Include="Resources\Fonts\5x12.png">
      <Filter>Resource Files</Filter>
    </Image>
    <Image Include="Resources\Fonts\6x8.png">
      <Filter>Resource Files</Filter>
    </Image>
    <Image Include="Resources\Fonts\7x12.png">
      <Filter>Resource Files</Filter>
    </Image>
    <Image Include="Resources\Fonts\8x8.png">
      <Filter>Resource Files</Filter>
    </Image>
    <Image Include="Resources\Fonts\8x12.png">
      <Filter>Resource Files</Filter>
    </Image>
    <Image Include="Resources\Fonts\10x18.png">
      <Filter>Resource Files</Filter>
    </Image>
    <Image Include="Resources\Fonts\12x16.png">
      <Filter>Resource Files</Filter>
    </Image>
    <Image Include="Resources\Fonts\16x8.png">
      <Filter>Resource Files</Filter>
    </Image>
    <Image Include="Resources\Fonts\16x12.png">
      <Filter>Resource Files</Filter>
    </Image>
  </ItemGroup>
  <ItemGroup>
    <None Include="resources\ascii_im.bin">
      <Filter>Resource Files</Filter>
    </None>
    <None Include="Resources\CharacterGrid.asc" />
    <None Include="Resources\ColorPalette.asc" />
    <None Include="Resources\Buttons\Copy.asc" />
    <None Include="Resources\Buttons\Cut.asc" />
    <None Include="Resources\Buttons\Delete.asc" />
    <None Include="Resources\Buttons\DeleteFrame.asc" />
    <None Include="Resources\Buttons\DuplicateFrame.asc" />
    <None Include="Resources\Buttons\ExportFile.asc" />
    <None Include="Resources\Buttons\Help.asc" />
    <None Include="Resources\Buttons\ImportFile.asc" />
    <None Include="Resources\Buttons\MoveFrameDown.asc" />
    <None Include="Resources\Buttons\MoveFrameUp.asc" />
    <None Include="Resources\Buttons\NewFile.asc" />
    <None Include="Resources\Buttons\NewFrame.asc" />
    <None Include="Resources\Buttons\OpenFile.asc" />
    <None Include="Resources\Buttons\Paste.asc" />
    <None Include="Resources\Buttons\Redo.asc" />
    <None Include="Resources\Buttons\Resize.asc" />
    <None Include="Resources\Buttons\SaveAsFile.asc" />
    <None Include="Resources\Buttons\SaveFile.asc" />
    <None Include="Resources\Buttons\SelectAll.asc" />
    <None Include="Resources\Buttons\Translate.asc" />
    <None Include="Resources\Buttons\Undo.asc" />
    <None Include="Resources\Buttons\SavePng.asc" />
    <None Include="Resources\Buttons\PlayOff.asc" />
    <None Include="Resources\Buttons\PlayOn.asc" />
    <None Include="Resources\Buttons\ShowSpeedOff.asc" />
    <None Include="Resources\Buttons\ShowSpeedOn.asc" />
    <None Include="Resources\Buttons\RenameFrame.asc" />
    <None Include="Resources\Buttons\StopOff.asc" />
    <None Include="Resources\Buttons\StopOn.asc" />
    <None Include="Resources\Buttons\ImageSettings.asc" />
    <None Include="Resources\Buttons\ProgramSettings.asc" />
    <None Include="Resources\Buttons\About.asc" />
    <None Include="Resources\Buttons\FrameSpeed.asc" />
    <None Include="Settings.ini" />
    <None Include="Resources\LogoSmall.asc" />
    <None Include="Resources\Buttons\ImportImage.asc" />
    <None Include="Resources\Buttons\ExportImage.asc" />
    <None Include="Resources\Buttons\ExportGif.asc" />
    <None Include="Resources\Buttons\ExportVideo.asc" />
  </ItemGroup>
</Project>