<?xml version="1.0" encoding="utf-8"?>
<Project ToolsVersion="4.0" xmlns="http://schemas.microsoft.com/developer/msbuild/2003">
  <ItemGroup>
    <Filter Include="Source Files">
      <UniqueIdentifier>{4FC737F1-C7A5-4376-A066-2A32D752A2FF}</UniqueIdentifier>
      <Extensions>cpp;c;cc;cxx;def;odl;idl;hpj;bat;asm;asmx</Extensions>
    </Filter>
    <Filter Include="Header Files">
      <UniqueIdentifier>{93995380-89BD-4b04-88EB-625FBE52EBFB}</UniqueIdentifier>
      <Extensions>h;hh;hpp;hxx;hm;inl;inc;xsd</Extensions>
    </Filter>
    <Filter Include="Resource Files">
      <UniqueIdentifier>{67DA6AB6-F800-4c08-8B7A-83BB121AAD01}</UniqueIdentifier>
      <Extensions>rc;ico;cur;bmp;dlg;rc2;rct;bin;rgs;gif;jpg;jpeg;jpe;resx;tiff;tif;png;wav;mfcribbon-ms</Extensions>
    </Filter>
  </ItemGroup>
  <ItemGroup>
    <ClInclude Include="stdafx.h">
      <Filter>Header Files</Filter>
    </ClInclude>
    <ClInclude Include="targetver.h">
      <Filter>Header Files</Filter>
    </ClInclude>
    <ClInclude Include="resource.h">
      <Filter>Header Files</Filter>
    </ClInclude>
    <ClInclude Include="AsciiVis\MusicLibrary.h">
      <Filter>Header Files</Filter>
    </ClInclude>
    <ClInclude Include="AsciiVis\Visualization.h">
      <Filter>Header Files</Filter>
    </ClInclude>
    <ClInclude Include="AsciiVis\MusicList.h">
      <Filter>Header Files</Filter>
    </ClInclude>
    <ClInclude Include="AsciiVis\Colors.h">
      <Filter>Header Files</Filter>
    </ClInclude>
    <ClInclude Include="AsciiVis\AsciiVisWindow.h">
      <Filter>Header Files</Filter>
    </ClInclude>
    <ClInclude Include="AsciiVis\NowPlaying.h">
      <Filter>Header Files</Filter>
    </ClInclude>
    <ClInclude Include="AsciiVis\Seeker.h">
      <Filter>Header Files</Filter>
    </ClInclude>
    <ClInclude Include="AsciiVis\LoadingDialog.h">
      <Filter>Header Files</Filter>
    </ClInclude>
    <ClInclude Include="AsciiVis\ScrollList.h">
      <Filter>Header Files</Filter>
    </ClInclude>
    <ClInclude Include="AsciiVis\MyLabel.h">
      <Filter>Header Files</Filter>
    </ClInclude>
    <ClInclude Include="AsciiVis\SettingsTab.h">
      <Filter>Header Files</Filter>
    </ClInclude>
    <ClInclude Include="AsciiVis\MyYesNoToggleButton.h">
      <Filter>Header Files</Filter>
    </ClInclude>
    <ClInclude Include="AsciiVis\MyToggleButton.h">
      <Filter>Header Files</Filter>
    </ClInclude>
    <ClInclude Include="AsciiVis\MySplitContainer.h">
      <Filter>Header Files</Filter>
    </ClInclude>
    <ClInclude Include="AsciiVis\Slider.h">
      <Filter>Header Files</Filter>
    </ClInclude>
  </ItemGroup>
  <ItemGroup>
    <ClCompile Include="stdafx.cpp">
      <Filter>Source Files</Filter>
    </ClCompile>
    <ClCompile Include="Main.cpp">
      <Filter>Source Files</Filter>
    </ClCompile>
    <ClCompile Include="AsciiVis\MusicLibrary.cpp">
      <Filter>Source Files</Filter>
    </ClCompile>
    <ClCompile Include="AsciiVis\Visualization.cpp">
      <Filter>Source Files</Filter>
    </ClCompile>
    <ClCompile Include="AsciiVis\MusicList.cpp">
      <Filter>Source Files</Filter>
    </ClCompile>
    <ClCompile Include="AsciiVis\AsciiVisWindow.cpp">
      <Filter>Source Files</Filter>
    </ClCompile>
    <ClCompile Include="AsciiVis\NowPlaying.cpp">
      <Filter>Source Files</Filter>
    </ClCompile>
    <ClCompile Include="AsciiVis\Seeker.cpp">
      <Filter>Source Files</Filter>
    </ClCompile>
    <ClCompile Include="AsciiVis\LoadingDialog.cpp">
      <Filter>Source Files</Filter>
    </ClCompile>
    <ClCompile Include="AsciiVis\ScrollList.cpp">
      <Filter>Source Files</Filter>
    </ClCompile>
    <ClCompile Include="AsciiVis\MyLabel.cpp">
      <Filter>Source Files</Filter>
    </ClCompile>
    <ClCompile Include="AsciiVis\MyYesNoToggleButton.cpp">
      <Filter>Source Files</Filter>
    </ClCompile>
    <ClCompile Include="AsciiVis\MyToggleButton.cpp">
      <Filter>Source Files</Filter>
    </ClCompile>
    <ClCompile Include="AsciiVis\SettingsTab.cpp">
      <Filter>Source Files</Filter>
    </ClCompile>
    <ClCompile Include="AsciiVis\MySplitContainer.cpp">
      <Filter>Source Files</Filter>
    </ClCompile>
    <ClCompile Include="AsciiVis\Slider.cpp">
      <Filter>Source Files</Filter>
    </ClCompile>
  </ItemGroup>
  <ItemGroup>
    <ResourceCompile Include="AsciiVis.rc">
      <Filter>Resource Files</Filter>
    </ResourceCompile>
  </ItemGroup>
  <ItemGroup>
    <None Include="Resources\Palette.conpal" />
    <None Include="Resources\Buttons\Backward.asc" />
    <None Include="Resources\Buttons\Forward.asc" />
    <None Include="Resources\Buttons\Play.asc" />
    <None Include="Resources\Buttons\Stop.asc" />
  </ItemGroup>
</Project>